
Microsoft Visual Studio Solution File, Format Version 12.00
Project("{2150E333-8FDC-42A3-9474-1A3956D46DE8}") = "src", "src", "{1CEEDAEF-70FA-440C-89C9-EA28568B73AD}"
EndProject
Project("{2150E333-8FDC-42A3-9474-1A3956D46DE8}") = "tests", "tests", "{55E46195-BE9C-4721-9486-1487EECAFD18}"
EndProject
Project("{FAE04EC0-301F-11D3-BF4B-00C04F79EFBC}") = "BeerSender.Domain", "src\BeerSender.Domain\BeerSender.Domain.csproj", "{A0642155-7544-4E25-BA1B-41F3FB3EB383}"
EndProject
Project("{FAE04EC0-301F-11D3-BF4B-00C04F79EFBC}") = "BeerSender.Domain.Tests", "tests\BeerSender.Domain.Tests\BeerSender.Domain.Tests.csproj", "{27602C1C-45D0-43F9-B1D8-A6EF3304B3BD}"
EndProject
Project("{FAE04EC0-301F-11D3-BF4B-00C04F79EFBC}") = "BeerSender.Web", "src\BeerSender.Web\BeerSender.Web.csproj", "{3D89B2C8-0734-47D5-8FF6-EA48274608C3}"
EndProject
Project("{FAE04EC0-301F-11D3-BF4B-00C04F79EFBC}") = "BeerSender.EventStore", "BeerSender.EventStore\BeerSender.EventStore.csproj", "{15739457-03D6-43A8-B274-09FE91DC3C52}"
EndProject
Global
	GlobalSection(SolutionConfigurationPlatforms) = preSolution
		Debug|Any CPU = Debug|Any CPU
		Release|Any CPU = Release|Any CPU
	EndGlobalSection
	GlobalSection(ProjectConfigurationPlatforms) = postSolution
		{A0642155-7544-4E25-BA1B-41F3FB3EB383}.Debug|Any CPU.ActiveCfg = Debug|Any CPU
		{A0642155-7544-4E25-BA1B-41F3FB3EB383}.Debug|Any CPU.Build.0 = Debug|Any CPU
		{A0642155-7544-4E25-BA1B-41F3FB3EB383}.Release|Any CPU.ActiveCfg = Release|Any CPU
		{A0642155-7544-4E25-BA1B-41F3FB3EB383}.Release|Any CPU.Build.0 = Release|Any CPU
		{27602C1C-45D0-43F9-B1D8-A6EF3304B3BD}.Debug|Any CPU.ActiveCfg = Debug|Any CPU
		{27602C1C-45D0-43F9-B1D8-A6EF3304B3BD}.Debug|Any CPU.Build.0 = Debug|Any CPU
		{27602C1C-45D0-43F9-B1D8-A6EF3304B3BD}.Release|Any CPU.ActiveCfg = Release|Any CPU
		{27602C1C-45D0-43F9-B1D8-A6EF3304B3BD}.Release|Any CPU.Build.0 = Release|Any CPU
		{3D89B2C8-0734-47D5-8FF6-EA48274608C3}.Debug|Any CPU.ActiveCfg = Debug|Any CPU
		{3D89B2C8-0734-47D5-8FF6-EA48274608C3}.Debug|Any CPU.Build.0 = Debug|Any CPU
		{3D89B2C8-0734-47D5-8FF6-EA48274608C3}.Release|Any CPU.ActiveCfg = Release|Any CPU
		{3D89B2C8-0734-47D5-8FF6-EA48274608C3}.Release|Any CPU.Build.0 = Release|Any CPU
		{15739457-03D6-43A8-B274-09FE91DC3C52}.Debug|Any CPU.ActiveCfg = Debug|Any CPU
		{15739457-03D6-43A8-B274-09FE91DC3C52}.Debug|Any CPU.Build.0 = Debug|Any CPU
		{15739457-03D6-43A8-B274-09FE91DC3C52}.Release|Any CPU.ActiveCfg = Release|Any CPU
		{15739457-03D6-43A8-B274-09FE91DC3C52}.Release|Any CPU.Build.0 = Release|Any CPU
	EndGlobalSection
	GlobalSection(NestedProjects) = preSolution
		{A0642155-7544-4E25-BA1B-41F3FB3EB383} = {1CEEDAEF-70FA-440C-89C9-EA28568B73AD}
		{27602C1C-45D0-43F9-B1D8-A6EF3304B3BD} = {55E46195-BE9C-4721-9486-1487EECAFD18}
		{3D89B2C8-0734-47D5-8FF6-EA48274608C3} = {1CEEDAEF-70FA-440C-89C9-EA28568B73AD}
		{15739457-03D6-43A8-B274-09FE91DC3C52} = {1CEEDAEF-70FA-440C-89C9-EA28568B73AD}
	EndGlobalSection
EndGlobal
