
Microsoft Visual Studio Solution File, Format Version 12.00
Project("{FAE04EC0-301F-11D3-BF4B-00C04F79EFBC}") = "BeerSender.Domain", "BeerSender.Domain\BeerSender.Domain.csproj", "{31CB10DA-4153-4B39-8647-732A94CAEA24}"
EndProject
Global
	GlobalSection(SolutionConfigurationPlatforms) = preSolution
		Debug|Any CPU = Debug|Any CPU
		Release|Any CPU = Release|Any CPU
	EndGlobalSection
	GlobalSection(ProjectConfigurationPlatforms) = postSolution
		{31CB10DA-4153-4B39-8647-732A94CAEA24}.Debug|Any CPU.ActiveCfg = Debug|Any CPU
		{31CB10DA-4153-4B39-8647-732A94CAEA24}.Debug|Any CPU.Build.0 = Debug|Any CPU
		{31CB10DA-4153-4B39-8647-732A94CAEA24}.Release|Any CPU.ActiveCfg = Release|Any CPU
		{31CB10DA-4153-4B39-8647-732A94CAEA24}.Release|Any CPU.Build.0 = Release|Any CPU
	EndGlobalSection
EndGlobal
